
Microsoft Visual Studio Solution File, Format Version 12.00
# Visual Studio Version 17
VisualStudioVersion = 17.9.34714.143
MinimumVisualStudioVersion = 10.0.40219.1
Project("{8BC9CEB8-8B4A-11D0-8D11-00A0C91BC942}") = "iDraw", "iDraw\iDraw.vcxproj", "{5F7AE46D-8413-4056-84E0-E46EB456DC1B}"
EndProject
Project("{8BC9CEB8-8B4A-11D0-8D11-00A0C91BC942}") = "ImageListView", "ImageListView\ImageListView.vcxproj", "{B5DD8A52-47AC-4792-9966-2F9B89FF617D}"
EndProject
Project("{8BC9CEB8-8B4A-11D0-8D11-00A0C91BC942}") = "EWindowSize", "EWindowSize\EWindowSize.vcxproj", "{B0B52188-362D-4D94-958B-39A233D96AB2}"
EndProject
Project("{8BC9CEB8-8B4A-11D0-8D11-00A0C91BC942}") = "ImageExt", "ImageExt\ImageExt.vcxproj", "{AA2A4C25-19A6-41F6-9F01-B1D0B1307E4C}"
EndProject
Project("{8BC9CEB8-8B4A-11D0-8D11-00A0C91BC942}") = "IDraw_Resource", "IDraw_Resource\IDraw_Resource.vcxproj", "{B840675F-7589-419C-B4CB-62887769D679}"
EndProject
Project("{8BC9CEB8-8B4A-11D0-8D11-00A0C91BC942}") = "ExtView", "ExtView\ExtView.vcxproj", "{5EFDDB87-ECCC-4413-805A-0B739D3F444F}"
EndProject
Project("{8BC9CEB8-8B4A-11D0-8D11-00A0C91BC942}") = "iDrawControl", "iDrawControl\iDrawControl.vcxproj", "{10816B47-9EC7-43B3-9DB7-CA6C333D3F0A}"
EndProject
Project("{2150E333-8FDC-42A3-9474-1A3956D46DE8}") = "易语言界面", "易语言界面", "{6D7F3928-7093-4C51-B2EC-7B8C239F913A}"
EndProject
Project("{8BC9CEB8-8B4A-11D0-8D11-00A0C91BC942}") = "iDraw_Event", "iDraw_Event\iDraw_Event.vcxproj", "{9EB55EDA-E4B6-42F3-8BB3-74D856D8F829}"
EndProject
Project("{2150E333-8FDC-42A3-9474-1A3956D46DE8}") = "插件", "插件", "{A1C7EF6D-9DFE-4C72-8407-EDBC46A72671}"
EndProject
Project("{8BC9CEB8-8B4A-11D0-8D11-00A0C91BC942}") = "iConfig", "iConfig\iConfig.vcxproj", "{A29CC69A-B688-4659-B678-6149FF36D84B}"
EndProject
Project("{8BC9CEB8-8B4A-11D0-8D11-00A0C91BC942}") = "iTheme", "iTheme\iTheme.vcxproj", "{19116C2B-C022-4C95-B8FF-92598B1950B4}"
EndProject
Project("{2150E333-8FDC-42A3-9474-1A3956D46DE8}") = "辅助工具", "辅助工具", "{614F1C78-6549-493E-BD1F-798B273C9F98}"
EndProject
Project("{8BC9CEB8-8B4A-11D0-8D11-00A0C91BC942}") = "setup", "insert\insert.vcxproj", "{7F8D68FE-44FA-4E7E-B4EB-3E23A7F3E8CA}"
EndProject
Project("{8BC9CEB8-8B4A-11D0-8D11-00A0C91BC942}") = "MFCApplication1", "MFCApplication1\MFCApplication1.vcxproj", "{2D6FD5F3-7FA3-46D7-8344-DA548C6C959E}"
EndProject
Global
	GlobalSection(SolutionConfigurationPlatforms) = preSolution
		Debug|Win32 = Debug|Win32
		Debug|x64 = Debug|x64
		Debug|x86 = Debug|x86
		Release|Win32 = Release|Win32
		Release|x64 = Release|x64
		Release|x86 = Release|x86
		调试Release|Win32 = 调试Release|Win32
		调试Release|x64 = 调试Release|x64
		调试Release|x86 = 调试Release|x86
	EndGlobalSection
	GlobalSection(ProjectConfigurationPlatforms) = postSolution
		{5F7AE46D-8413-4056-84E0-E46EB456DC1B}.Debug|Win32.ActiveCfg = Debug|Win32
		{5F7AE46D-8413-4056-84E0-E46EB456DC1B}.Debug|Win32.Build.0 = Debug|Win32
		{5F7AE46D-8413-4056-84E0-E46EB456DC1B}.Debug|x64.ActiveCfg = Debug|x64
		{5F7AE46D-8413-4056-84E0-E46EB456DC1B}.Debug|x64.Build.0 = Debug|x64
		{5F7AE46D-8413-4056-84E0-E46EB456DC1B}.Debug|x86.ActiveCfg = Debug|Win32
		{5F7AE46D-8413-4056-84E0-E46EB456DC1B}.Debug|x86.Build.0 = Debug|Win32
		{5F7AE46D-8413-4056-84E0-E46EB456DC1B}.Release|Win32.ActiveCfg = Release|Win32
		{5F7AE46D-8413-4056-84E0-E46EB456DC1B}.Release|Win32.Build.0 = Release|Win32
		{5F7AE46D-8413-4056-84E0-E46EB456DC1B}.Release|x64.ActiveCfg = Release|x64
		{5F7AE46D-8413-4056-84E0-E46EB456DC1B}.Release|x64.Build.0 = Release|x64
		{5F7AE46D-8413-4056-84E0-E46EB456DC1B}.Release|x86.ActiveCfg = Release|Win32
		{5F7AE46D-8413-4056-84E0-E46EB456DC1B}.Release|x86.Build.0 = Release|Win32
		{5F7AE46D-8413-4056-84E0-E46EB456DC1B}.调试Release|Win32.ActiveCfg = 调试Release|Win32
		{5F7AE46D-8413-4056-84E0-E46EB456DC1B}.调试Release|Win32.Build.0 = 调试Release|Win32
		{5F7AE46D-8413-4056-84E0-E46EB456DC1B}.调试Release|x64.ActiveCfg = 调试Release|x64
		{5F7AE46D-8413-4056-84E0-E46EB456DC1B}.调试Release|x64.Build.0 = 调试Release|x64
		{5F7AE46D-8413-4056-84E0-E46EB456DC1B}.调试Release|x86.ActiveCfg = 调试Release|Win32
		{5F7AE46D-8413-4056-84E0-E46EB456DC1B}.调试Release|x86.Build.0 = 调试Release|Win32
		{B5DD8A52-47AC-4792-9966-2F9B89FF617D}.Debug|Win32.ActiveCfg = Debug|Win32
		{B5DD8A52-47AC-4792-9966-2F9B89FF617D}.Debug|Win32.Build.0 = Debug|Win32
		{B5DD8A52-47AC-4792-9966-2F9B89FF617D}.Debug|x64.ActiveCfg = Debug|x64
		{B5DD8A52-47AC-4792-9966-2F9B89FF617D}.Debug|x64.Build.0 = Debug|x64
		{B5DD8A52-47AC-4792-9966-2F9B89FF617D}.Debug|x86.ActiveCfg = Debug|Win32
		{B5DD8A52-47AC-4792-9966-2F9B89FF617D}.Debug|x86.Build.0 = Debug|Win32
		{B5DD8A52-47AC-4792-9966-2F9B89FF617D}.Release|Win32.ActiveCfg = Release|Win32
		{B5DD8A52-47AC-4792-9966-2F9B89FF617D}.Release|Win32.Build.0 = Release|Win32
		{B5DD8A52-47AC-4792-9966-2F9B89FF617D}.Release|x64.ActiveCfg = Release|x64
		{B5DD8A52-47AC-4792-9966-2F9B89FF617D}.Release|x64.Build.0 = Release|x64
		{B5DD8A52-47AC-4792-9966-2F9B89FF617D}.Release|x86.ActiveCfg = Release|Win32
		{B5DD8A52-47AC-4792-9966-2F9B89FF617D}.Release|x86.Build.0 = Release|Win32
		{B5DD8A52-47AC-4792-9966-2F9B89FF617D}.调试Release|Win32.ActiveCfg = 调试Release|Win32
		{B5DD8A52-47AC-4792-9966-2F9B89FF617D}.调试Release|Win32.Build.0 = 调试Release|Win32
		{B5DD8A52-47AC-4792-9966-2F9B89FF617D}.调试Release|x64.ActiveCfg = 调试Release|x64
		{B5DD8A52-47AC-4792-9966-2F9B89FF617D}.调试Release|x64.Build.0 = 调试Release|x64
		{B5DD8A52-47AC-4792-9966-2F9B89FF617D}.调试Release|x86.ActiveCfg = 调试Release|Win32
		{B5DD8A52-47AC-4792-9966-2F9B89FF617D}.调试Release|x86.Build.0 = 调试Release|Win32
		{B0B52188-362D-4D94-958B-39A233D96AB2}.Debug|Win32.ActiveCfg = Debug|Win32
		{B0B52188-362D-4D94-958B-39A233D96AB2}.Debug|Win32.Build.0 = Debug|Win32
		{B0B52188-362D-4D94-958B-39A233D96AB2}.Debug|x64.ActiveCfg = Debug|x64
		{B0B52188-362D-4D94-958B-39A233D96AB2}.Debug|x64.Build.0 = Debug|x64
		{B0B52188-362D-4D94-958B-39A233D96AB2}.Debug|x86.ActiveCfg = Debug|Win32
		{B0B52188-362D-4D94-958B-39A233D96AB2}.Debug|x86.Build.0 = Debug|Win32
		{B0B52188-362D-4D94-958B-39A233D96AB2}.Release|Win32.ActiveCfg = Release|Win32
		{B0B52188-362D-4D94-958B-39A233D96AB2}.Release|Win32.Build.0 = Release|Win32
		{B0B52188-362D-4D94-958B-39A233D96AB2}.Release|x64.ActiveCfg = Release|x64
		{B0B52188-362D-4D94-958B-39A233D96AB2}.Release|x64.Build.0 = Release|x64
		{B0B52188-362D-4D94-958B-39A233D96AB2}.Release|x86.ActiveCfg = Release|Win32
		{B0B52188-362D-4D94-958B-39A233D96AB2}.Release|x86.Build.0 = Release|Win32
		{B0B52188-362D-4D94-958B-39A233D96AB2}.调试Release|Win32.ActiveCfg = 调试Release|Win32
		{B0B52188-362D-4D94-958B-39A233D96AB2}.调试Release|Win32.Build.0 = 调试Release|Win32
		{B0B52188-362D-4D94-958B-39A233D96AB2}.调试Release|x64.ActiveCfg = 调试Release|x64
		{B0B52188-362D-4D94-958B-39A233D96AB2}.调试Release|x64.Build.0 = 调试Release|x64
		{B0B52188-362D-4D94-958B-39A233D96AB2}.调试Release|x86.ActiveCfg = 调试Release|Win32
		{B0B52188-362D-4D94-958B-39A233D96AB2}.调试Release|x86.Build.0 = 调试Release|Win32
		{AA2A4C25-19A6-41F6-9F01-B1D0B1307E4C}.Debug|Win32.ActiveCfg = Debug|Win32
		{AA2A4C25-19A6-41F6-9F01-B1D0B1307E4C}.Debug|Win32.Build.0 = Debug|Win32
		{AA2A4C25-19A6-41F6-9F01-B1D0B1307E4C}.Debug|x64.ActiveCfg = Debug|x64
		{AA2A4C25-19A6-41F6-9F01-B1D0B1307E4C}.Debug|x64.Build.0 = Debug|x64
		{AA2A4C25-19A6-41F6-9F01-B1D0B1307E4C}.Debug|x86.ActiveCfg = Debug|Win32
		{AA2A4C25-19A6-41F6-9F01-B1D0B1307E4C}.Debug|x86.Build.0 = Debug|Win32
		{AA2A4C25-19A6-41F6-9F01-B1D0B1307E4C}.Release|Win32.ActiveCfg = Release|Win32
		{AA2A4C25-19A6-41F6-9F01-B1D0B1307E4C}.Release|Win32.Build.0 = Release|Win32
		{AA2A4C25-19A6-41F6-9F01-B1D0B1307E4C}.Release|x64.ActiveCfg = Release|x64
		{AA2A4C25-19A6-41F6-9F01-B1D0B1307E4C}.Release|x64.Build.0 = Release|x64
		{AA2A4C25-19A6-41F6-9F01-B1D0B1307E4C}.Release|x86.ActiveCfg = Release|Win32
		{AA2A4C25-19A6-41F6-9F01-B1D0B1307E4C}.Release|x86.Build.0 = Release|Win32
		{AA2A4C25-19A6-41F6-9F01-B1D0B1307E4C}.调试Release|Win32.ActiveCfg = Release|Win32
		{AA2A4C25-19A6-41F6-9F01-B1D0B1307E4C}.调试Release|x64.ActiveCfg = Release|x64
		{AA2A4C25-19A6-41F6-9F01-B1D0B1307E4C}.调试Release|x86.ActiveCfg = Release|Win32
		{B840675F-7589-419C-B4CB-62887769D679}.Debug|Win32.ActiveCfg = Debug|Win32
		{B840675F-7589-419C-B4CB-62887769D679}.Debug|Win32.Build.0 = Debug|Win32
		{B840675F-7589-419C-B4CB-62887769D679}.Debug|x64.ActiveCfg = Debug|x64
		{B840675F-7589-419C-B4CB-62887769D679}.Debug|x64.Build.0 = Debug|x64
		{B840675F-7589-419C-B4CB-62887769D679}.Debug|x86.ActiveCfg = Debug|Win32
		{B840675F-7589-419C-B4CB-62887769D679}.Debug|x86.Build.0 = Debug|Win32
		{B840675F-7589-419C-B4CB-62887769D679}.Release|Win32.ActiveCfg = Release|Win32
		{B840675F-7589-419C-B4CB-62887769D679}.Release|Win32.Build.0 = Release|Win32
		{B840675F-7589-419C-B4CB-62887769D679}.Release|x64.ActiveCfg = Release|x64
		{B840675F-7589-419C-B4CB-62887769D679}.Release|x64.Build.0 = Release|x64
		{B840675F-7589-419C-B4CB-62887769D679}.Release|x86.ActiveCfg = Release|Win32
		{B840675F-7589-419C-B4CB-62887769D679}.Release|x86.Build.0 = Release|Win32
		{B840675F-7589-419C-B4CB-62887769D679}.调试Release|Win32.ActiveCfg = 调试Release|Win32
		{B840675F-7589-419C-B4CB-62887769D679}.调试Release|Win32.Build.0 = 调试Release|Win32
		{B840675F-7589-419C-B4CB-62887769D679}.调试Release|x64.ActiveCfg = 调试Release|x64
		{B840675F-7589-419C-B4CB-62887769D679}.调试Release|x64.Build.0 = 调试Release|x64
		{B840675F-7589-419C-B4CB-62887769D679}.调试Release|x86.ActiveCfg = 调试Release|Win32
		{B840675F-7589-419C-B4CB-62887769D679}.调试Release|x86.Build.0 = 调试Release|Win32
		{5EFDDB87-ECCC-4413-805A-0B739D3F444F}.Debug|Win32.ActiveCfg = Debug|Win32
		{5EFDDB87-ECCC-4413-805A-0B739D3F444F}.Debug|Win32.Build.0 = Debug|Win32
		{5EFDDB87-ECCC-4413-805A-0B739D3F444F}.Debug|x64.ActiveCfg = Debug|x64
		{5EFDDB87-ECCC-4413-805A-0B739D3F444F}.Debug|x64.Build.0 = Debug|x64
		{5EFDDB87-ECCC-4413-805A-0B739D3F444F}.Debug|x86.ActiveCfg = Debug|Win32
		{5EFDDB87-ECCC-4413-805A-0B739D3F444F}.Debug|x86.Build.0 = Debug|Win32
		{5EFDDB87-ECCC-4413-805A-0B739D3F444F}.Release|Win32.ActiveCfg = Release|Win32
		{5EFDDB87-ECCC-4413-805A-0B739D3F444F}.Release|Win32.Build.0 = Release|Win32
		{5EFDDB87-ECCC-4413-805A-0B739D3F444F}.Release|x64.ActiveCfg = Release|x64
		{5EFDDB87-ECCC-4413-805A-0B739D3F444F}.Release|x64.Build.0 = Release|x64
		{5EFDDB87-ECCC-4413-805A-0B739D3F444F}.Release|x86.ActiveCfg = Release|Win32
		{5EFDDB87-ECCC-4413-805A-0B739D3F444F}.Release|x86.Build.0 = Release|Win32
		{5EFDDB87-ECCC-4413-805A-0B739D3F444F}.调试Release|Win32.ActiveCfg = 调试Release|Win32
		{5EFDDB87-ECCC-4413-805A-0B739D3F444F}.调试Release|Win32.Build.0 = 调试Release|Win32
		{5EFDDB87-ECCC-4413-805A-0B739D3F444F}.调试Release|x64.ActiveCfg = 调试Release|x64
		{5EFDDB87-ECCC-4413-805A-0B739D3F444F}.调试Release|x64.Build.0 = 调试Release|x64
		{5EFDDB87-ECCC-4413-805A-0B739D3F444F}.调试Release|x86.ActiveCfg = 调试Release|Win32
		{5EFDDB87-ECCC-4413-805A-0B739D3F444F}.调试Release|x86.Build.0 = 调试Release|Win32
		{10816B47-9EC7-43B3-9DB7-CA6C333D3F0A}.Debug|Win32.ActiveCfg = Debug|Win32
		{10816B47-9EC7-43B3-9DB7-CA6C333D3F0A}.Debug|Win32.Build.0 = Debug|Win32
		{10816B47-9EC7-43B3-9DB7-CA6C333D3F0A}.Debug|x64.ActiveCfg = Debug|x64
		{10816B47-9EC7-43B3-9DB7-CA6C333D3F0A}.Debug|x64.Build.0 = Debug|x64
		{10816B47-9EC7-43B3-9DB7-CA6C333D3F0A}.Debug|x86.ActiveCfg = Debug|Win32
		{10816B47-9EC7-43B3-9DB7-CA6C333D3F0A}.Debug|x86.Build.0 = Debug|Win32
		{10816B47-9EC7-43B3-9DB7-CA6C333D3F0A}.Release|Win32.ActiveCfg = Release|Win32
		{10816B47-9EC7-43B3-9DB7-CA6C333D3F0A}.Release|Win32.Build.0 = Release|Win32
		{10816B47-9EC7-43B3-9DB7-CA6C333D3F0A}.Release|x64.ActiveCfg = Release|x64
		{10816B47-9EC7-43B3-9DB7-CA6C333D3F0A}.Release|x64.Build.0 = Release|x64
		{10816B47-9EC7-43B3-9DB7-CA6C333D3F0A}.Release|x86.ActiveCfg = Release|Win32
		{10816B47-9EC7-43B3-9DB7-CA6C333D3F0A}.Release|x86.Build.0 = Release|Win32
		{10816B47-9EC7-43B3-9DB7-CA6C333D3F0A}.调试Release|Win32.ActiveCfg = 调试Release|Win32
		{10816B47-9EC7-43B3-9DB7-CA6C333D3F0A}.调试Release|Win32.Build.0 = 调试Release|Win32
		{10816B47-9EC7-43B3-9DB7-CA6C333D3F0A}.调试Release|x64.ActiveCfg = 调试Release|x64
		{10816B47-9EC7-43B3-9DB7-CA6C333D3F0A}.调试Release|x64.Build.0 = 调试Release|x64
		{10816B47-9EC7-43B3-9DB7-CA6C333D3F0A}.调试Release|x86.ActiveCfg = 调试Release|Win32
		{10816B47-9EC7-43B3-9DB7-CA6C333D3F0A}.调试Release|x86.Build.0 = 调试Release|Win32
		{9EB55EDA-E4B6-42F3-8BB3-74D856D8F829}.Debug|Win32.ActiveCfg = Debug|Win32
		{9EB55EDA-E4B6-42F3-8BB3-74D856D8F829}.Debug|Win32.Build.0 = Debug|Win32
		{9EB55EDA-E4B6-42F3-8BB3-74D856D8F829}.Debug|x64.ActiveCfg = Debug|x64
		{9EB55EDA-E4B6-42F3-8BB3-74D856D8F829}.Debug|x64.Build.0 = Debug|x64
		{9EB55EDA-E4B6-42F3-8BB3-74D856D8F829}.Debug|x86.ActiveCfg = Debug|Win32
		{9EB55EDA-E4B6-42F3-8BB3-74D856D8F829}.Debug|x86.Build.0 = Debug|Win32
		{9EB55EDA-E4B6-42F3-8BB3-74D856D8F829}.Release|Win32.ActiveCfg = Release|Win32
		{9EB55EDA-E4B6-42F3-8BB3-74D856D8F829}.Release|Win32.Build.0 = Release|Win32
		{9EB55EDA-E4B6-42F3-8BB3-74D856D8F829}.Release|x64.ActiveCfg = Release|x64
		{9EB55EDA-E4B6-42F3-8BB3-74D856D8F829}.Release|x64.Build.0 = Release|x64
		{9EB55EDA-E4B6-42F3-8BB3-74D856D8F829}.Release|x86.ActiveCfg = Release|Win32
		{9EB55EDA-E4B6-42F3-8BB3-74D856D8F829}.Release|x86.Build.0 = Release|Win32
		{9EB55EDA-E4B6-42F3-8BB3-74D856D8F829}.调试Release|Win32.ActiveCfg = 调试Release|Win32
		{9EB55EDA-E4B6-42F3-8BB3-74D856D8F829}.调试Release|Win32.Build.0 = 调试Release|Win32
		{9EB55EDA-E4B6-42F3-8BB3-74D856D8F829}.调试Release|x64.ActiveCfg = 调试Release|x64
		{9EB55EDA-E4B6-42F3-8BB3-74D856D8F829}.调试Release|x64.Build.0 = 调试Release|x64
		{9EB55EDA-E4B6-42F3-8BB3-74D856D8F829}.调试Release|x86.ActiveCfg = 调试Release|Win32
		{9EB55EDA-E4B6-42F3-8BB3-74D856D8F829}.调试Release|x86.Build.0 = 调试Release|Win32
		{A29CC69A-B688-4659-B678-6149FF36D84B}.Debug|Win32.ActiveCfg = Debug|Win32
		{A29CC69A-B688-4659-B678-6149FF36D84B}.Debug|Win32.Build.0 = Debug|Win32
		{A29CC69A-B688-4659-B678-6149FF36D84B}.Debug|x64.ActiveCfg = Debug|x64
		{A29CC69A-B688-4659-B678-6149FF36D84B}.Debug|x64.Build.0 = Debug|x64
		{A29CC69A-B688-4659-B678-6149FF36D84B}.Debug|x86.ActiveCfg = Debug|Win32
		{A29CC69A-B688-4659-B678-6149FF36D84B}.Debug|x86.Build.0 = Debug|Win32
		{A29CC69A-B688-4659-B678-6149FF36D84B}.Release|Win32.ActiveCfg = Release|Win32
		{A29CC69A-B688-4659-B678-6149FF36D84B}.Release|Win32.Build.0 = Release|Win32
		{A29CC69A-B688-4659-B678-6149FF36D84B}.Release|x64.ActiveCfg = Release|x64
		{A29CC69A-B688-4659-B678-6149FF36D84B}.Release|x64.Build.0 = Release|x64
		{A29CC69A-B688-4659-B678-6149FF36D84B}.Release|x86.ActiveCfg = Release|Win32
		{A29CC69A-B688-4659-B678-6149FF36D84B}.Release|x86.Build.0 = Release|Win32
		{A29CC69A-B688-4659-B678-6149FF36D84B}.调试Release|Win32.ActiveCfg = 调试Release|Win32
		{A29CC69A-B688-4659-B678-6149FF36D84B}.调试Release|Win32.Build.0 = 调试Release|Win32
		{A29CC69A-B688-4659-B678-6149FF36D84B}.调试Release|x64.ActiveCfg = 调试Release|x64
		{A29CC69A-B688-4659-B678-6149FF36D84B}.调试Release|x64.Build.0 = 调试Release|x64
		{A29CC69A-B688-4659-B678-6149FF36D84B}.调试Release|x86.ActiveCfg = 调试Release|Win32
		{A29CC69A-B688-4659-B678-6149FF36D84B}.调试Release|x86.Build.0 = 调试Release|Win32
		{19116C2B-C022-4C95-B8FF-92598B1950B4}.Debug|Win32.ActiveCfg = Debug|Win32
		{19116C2B-C022-4C95-B8FF-92598B1950B4}.Debug|Win32.Build.0 = Debug|Win32
		{19116C2B-C022-4C95-B8FF-92598B1950B4}.Debug|x64.ActiveCfg = Debug|x64
		{19116C2B-C022-4C95-B8FF-92598B1950B4}.Debug|x64.Build.0 = Debug|x64
		{19116C2B-C022-4C95-B8FF-92598B1950B4}.Debug|x86.ActiveCfg = Debug|Win32
		{19116C2B-C022-4C95-B8FF-92598B1950B4}.Debug|x86.Build.0 = Debug|Win32
		{19116C2B-C022-4C95-B8FF-92598B1950B4}.Release|Win32.ActiveCfg = Release|Win32
		{19116C2B-C022-4C95-B8FF-92598B1950B4}.Release|Win32.Build.0 = Release|Win32
		{19116C2B-C022-4C95-B8FF-92598B1950B4}.Release|x64.ActiveCfg = Release|x64
		{19116C2B-C022-4C95-B8FF-92598B1950B4}.Release|x64.Build.0 = Release|x64
		{19116C2B-C022-4C95-B8FF-92598B1950B4}.Release|x86.ActiveCfg = Release|Win32
		{19116C2B-C022-4C95-B8FF-92598B1950B4}.Release|x86.Build.0 = Release|Win32
		{19116C2B-C022-4C95-B8FF-92598B1950B4}.调试Release|Win32.ActiveCfg = 调试Release|Win32
		{19116C2B-C022-4C95-B8FF-92598B1950B4}.调试Release|Win32.Build.0 = 调试Release|Win32
		{19116C2B-C022-4C95-B8FF-92598B1950B4}.调试Release|x64.ActiveCfg = 调试Release|x64
		{19116C2B-C022-4C95-B8FF-92598B1950B4}.调试Release|x64.Build.0 = 调试Release|x64
		{19116C2B-C022-4C95-B8FF-92598B1950B4}.调试Release|x86.ActiveCfg = 调试Release|Win32
		{19116C2B-C022-4C95-B8FF-92598B1950B4}.调试Release|x86.Build.0 = 调试Release|Win32
		{7F8D68FE-44FA-4E7E-B4EB-3E23A7F3E8CA}.Debug|Win32.ActiveCfg = Debug|Win32
		{7F8D68FE-44FA-4E7E-B4EB-3E23A7F3E8CA}.Debug|Win32.Build.0 = Debug|Win32
		{7F8D68FE-44FA-4E7E-B4EB-3E23A7F3E8CA}.Debug|x64.ActiveCfg = Debug|x64
		{7F8D68FE-44FA-4E7E-B4EB-3E23A7F3E8CA}.Debug|x64.Build.0 = Debug|x64
		{7F8D68FE-44FA-4E7E-B4EB-3E23A7F3E8CA}.Debug|x86.ActiveCfg = Debug|Win32
		{7F8D68FE-44FA-4E7E-B4EB-3E23A7F3E8CA}.Debug|x86.Build.0 = Debug|Win32
		{7F8D68FE-44FA-4E7E-B4EB-3E23A7F3E8CA}.Release|Win32.ActiveCfg = Release|Win32
		{7F8D68FE-44FA-4E7E-B4EB-3E23A7F3E8CA}.Release|Win32.Build.0 = Release|Win32
		{7F8D68FE-44FA-4E7E-B4EB-3E23A7F3E8CA}.Release|x64.ActiveCfg = Release|x64
		{7F8D68FE-44FA-4E7E-B4EB-3E23A7F3E8CA}.Release|x64.Build.0 = Release|x64
		{7F8D68FE-44FA-4E7E-B4EB-3E23A7F3E8CA}.Release|x86.ActiveCfg = Release|Win32
		{7F8D68FE-44FA-4E7E-B4EB-3E23A7F3E8CA}.Release|x86.Build.0 = Release|Win32
		{7F8D68FE-44FA-4E7E-B4EB-3E23A7F3E8CA}.调试Release|Win32.ActiveCfg = Release|Win32
		{7F8D68FE-44FA-4E7E-B4EB-3E23A7F3E8CA}.调试Release|Win32.Build.0 = Release|Win32
		{7F8D68FE-44FA-4E7E-B4EB-3E23A7F3E8CA}.调试Release|x64.ActiveCfg = Release|x64
		{7F8D68FE-44FA-4E7E-B4EB-3E23A7F3E8CA}.调试Release|x64.Build.0 = Release|x64
		{7F8D68FE-44FA-4E7E-B4EB-3E23A7F3E8CA}.调试Release|x86.ActiveCfg = Release|Win32
		{7F8D68FE-44FA-4E7E-B4EB-3E23A7F3E8CA}.调试Release|x86.Build.0 = Release|Win32
		{2D6FD5F3-7FA3-46D7-8344-DA548C6C959E}.Debug|Win32.ActiveCfg = Debug|Win32
		{2D6FD5F3-7FA3-46D7-8344-DA548C6C959E}.Debug|Win32.Build.0 = Debug|Win32
		{2D6FD5F3-7FA3-46D7-8344-DA548C6C959E}.Debug|x64.ActiveCfg = Debug|x64
		{2D6FD5F3-7FA3-46D7-8344-DA548C6C959E}.Debug|x64.Build.0 = Debug|x64
		{2D6FD5F3-7FA3-46D7-8344-DA548C6C959E}.Debug|x86.ActiveCfg = Debug|Win32
		{2D6FD5F3-7FA3-46D7-8344-DA548C6C959E}.Debug|x86.Build.0 = Debug|Win32
		{2D6FD5F3-7FA3-46D7-8344-DA548C6C959E}.Release|Win32.ActiveCfg = Release|Win32
		{2D6FD5F3-7FA3-46D7-8344-DA548C6C959E}.Release|Win32.Build.0 = Release|Win32
		{2D6FD5F3-7FA3-46D7-8344-DA548C6C959E}.Release|x64.ActiveCfg = Release|x64
		{2D6FD5F3-7FA3-46D7-8344-DA548C6C959E}.Release|x64.Build.0 = Release|x64
		{2D6FD5F3-7FA3-46D7-8344-DA548C6C959E}.Release|x86.ActiveCfg = Release|Win32
		{2D6FD5F3-7FA3-46D7-8344-DA548C6C959E}.Release|x86.Build.0 = Release|Win32
		{2D6FD5F3-7FA3-46D7-8344-DA548C6C959E}.调试Release|Win32.ActiveCfg = Release|Win32
		{2D6FD5F3-7FA3-46D7-8344-DA548C6C959E}.调试Release|Win32.Build.0 = Release|Win32
		{2D6FD5F3-7FA3-46D7-8344-DA548C6C959E}.调试Release|x64.ActiveCfg = Release|x64
		{2D6FD5F3-7FA3-46D7-8344-DA548C6C959E}.调试Release|x64.Build.0 = Release|x64
		{2D6FD5F3-7FA3-46D7-8344-DA548C6C959E}.调试Release|x86.ActiveCfg = Release|Win32
		{2D6FD5F3-7FA3-46D7-8344-DA548C6C959E}.调试Release|x86.Build.0 = Release|Win32
	EndGlobalSection
	GlobalSection(SolutionProperties) = preSolution
		HideSolutionNode = FALSE
	EndGlobalSection
	GlobalSection(NestedProjects) = preSolution
		{5F7AE46D-8413-4056-84E0-E46EB456DC1B} = {6D7F3928-7093-4C51-B2EC-7B8C239F913A}
		{B5DD8A52-47AC-4792-9966-2F9B89FF617D} = {614F1C78-6549-493E-BD1F-798B273C9F98}
		{B0B52188-362D-4D94-958B-39A233D96AB2} = {6D7F3928-7093-4C51-B2EC-7B8C239F913A}
		{AA2A4C25-19A6-41F6-9F01-B1D0B1307E4C} = {614F1C78-6549-493E-BD1F-798B273C9F98}
		{B840675F-7589-419C-B4CB-62887769D679} = {6D7F3928-7093-4C51-B2EC-7B8C239F913A}
		{5EFDDB87-ECCC-4413-805A-0B739D3F444F} = {614F1C78-6549-493E-BD1F-798B273C9F98}
		{10816B47-9EC7-43B3-9DB7-CA6C333D3F0A} = {6D7F3928-7093-4C51-B2EC-7B8C239F913A}
		{9EB55EDA-E4B6-42F3-8BB3-74D856D8F829} = {6D7F3928-7093-4C51-B2EC-7B8C239F913A}
		{A29CC69A-B688-4659-B678-6149FF36D84B} = {6D7F3928-7093-4C51-B2EC-7B8C239F913A}
		{19116C2B-C022-4C95-B8FF-92598B1950B4} = {6D7F3928-7093-4C51-B2EC-7B8C239F913A}
		{7F8D68FE-44FA-4E7E-B4EB-3E23A7F3E8CA} = {A1C7EF6D-9DFE-4C72-8407-EDBC46A72671}
	EndGlobalSection
	GlobalSection(ExtensibilityGlobals) = postSolution
		SolutionGuid = {F36314F5-E573-457A-8B14-8BEB43CF2007}
	EndGlobalSection
EndGlobal
